
Microsoft Visual Studio Solution File, Format Version 12.00
# Visual Studio Version 17
VisualStudioVersion = 17.3.32901.215
MinimumVisualStudioVersion = 10.0.40219.1
Project("{FAE04EC0-301F-11D3-BF4B-00C04F79EFBC}") = "Linq", "Linq\Linq.csproj", "{59E18B30-D71F-4321-BA4E-D94A7F9A63B8}"
EndProject
Global
	GlobalSection(SolutionConfigurationPlatforms) = preSolution
		Debug|Any CPU = Debug|Any CPU
		Release|Any CPU = Release|Any CPU
	EndGlobalSection
	GlobalSection(ProjectConfigurationPlatforms) = postSolution
		{59E18B30-D71F-4321-BA4E-D94A7F9A63B8}.Debug|Any CPU.ActiveCfg = Debug|Any CPU
		{59E18B30-D71F-4321-BA4E-D94A7F9A63B8}.Debug|Any CPU.Build.0 = Debug|Any CPU
		{59E18B30-D71F-4321-BA4E-D94A7F9A63B8}.Release|Any CPU.ActiveCfg = Release|Any CPU
		{59E18B30-D71F-4321-BA4E-D94A7F9A63B8}.Release|Any CPU.Build.0 = Release|Any CPU
	EndGlobalSection
	GlobalSection(SolutionProperties) = preSolution
		HideSolutionNode = FALSE
	EndGlobalSection
	GlobalSection(ExtensibilityGlobals) = postSolution
		SolutionGuid = {FE0BA3ED-E2B9-4099-AD88-7C5FCD8F4449}
	EndGlobalSection
EndGlobal
